
Microsoft Visual Studio Solution File, Format Version 12.00
# Visual Studio Version 16
VisualStudioVersion = 16.0.31424.327
MinimumVisualStudioVersion = 10.0.40219.1
Project("{FAE04EC0-301F-11D3-BF4B-00C04F79EFBC}") = "ny-vs2019GitHub", "ny-vs2019GitHub\ny-vs2019GitHub.csproj", "{D69A5621-4C0A-42A2-87A1-50C49703BF25}"
EndProject
Global
	GlobalSection(SolutionConfigurationPlatforms) = preSolution
		Debug|Any CPU = Debug|Any CPU
		Release|Any CPU = Release|Any CPU
	EndGlobalSection
	GlobalSection(ProjectConfigurationPlatforms) = postSolution
		{D69A5621-4C0A-42A2-87A1-50C49703BF25}.Debug|Any CPU.ActiveCfg = Debug|Any CPU
		{D69A5621-4C0A-42A2-87A1-50C49703BF25}.Debug|Any CPU.Build.0 = Debug|Any CPU
		{D69A5621-4C0A-42A2-87A1-50C49703BF25}.Release|Any CPU.ActiveCfg = Release|Any CPU
		{D69A5621-4C0A-42A2-87A1-50C49703BF25}.Release|Any CPU.Build.0 = Release|Any CPU
	EndGlobalSection
	GlobalSection(SolutionProperties) = preSolution
		HideSolutionNode = FALSE
	EndGlobalSection
	GlobalSection(ExtensibilityGlobals) = postSolution
		SolutionGuid = {8F9E2ADE-9A5C-4D1B-B1D6-BE91318E0B53}
	EndGlobalSection
EndGlobal
